
Microsoft Visual Studio Solution File, Format Version 12.00
# Visual Studio Version 17
VisualStudioVersion = 17.5.33414.496
MinimumVisualStudioVersion = 10.0.40219.1
Project("{FAE04EC0-301F-11D3-BF4B-00C04F79EFBC}") = "WindowsForms_CS", "WindowsForms_CS\WindowsForms_CS.csproj", "{6E50058D-D354-4248-8C84-F2F4F3B004F3}"
EndProject
Global
	GlobalSection(SolutionConfigurationPlatforms) = preSolution
		Debug|Any CPU = Debug|Any CPU
		Release|Any CPU = Release|Any CPU
	EndGlobalSection
	GlobalSection(ProjectConfigurationPlatforms) = postSolution
		{6E50058D-D354-4248-8C84-F2F4F3B004F3}.Debug|Any CPU.ActiveCfg = Debug|Any CPU
		{6E50058D-D354-4248-8C84-F2F4F3B004F3}.Debug|Any CPU.Build.0 = Debug|Any CPU
		{6E50058D-D354-4248-8C84-F2F4F3B004F3}.Release|Any CPU.ActiveCfg = Release|Any CPU
		{6E50058D-D354-4248-8C84-F2F4F3B004F3}.Release|Any CPU.Build.0 = Release|Any CPU
	EndGlobalSection
	GlobalSection(SolutionProperties) = preSolution
		HideSolutionNode = FALSE
	EndGlobalSection
	GlobalSection(ExtensibilityGlobals) = postSolution
		SolutionGuid = {E528D17A-5F79-46B0-83F0-01E09862ECAF}
	EndGlobalSection
EndGlobal
